{
  "requires": true,
  "lockfileVersion": 1,
  "dependencies": {
    "react-native-input-prompt": {
      "version": "1.0.0",
      "resolved": "https://registry.npmjs.org/react-native-input-prompt/-/react-native-input-prompt-1.0.0.tgz",
      "integrity": "sha512-xDXMD80KiJWb3sWQZpcsRfE5ZFTDXhwZPUmBPQNSvYI5l+0M4l5usHMcNNWubKZCL4Vg152cnEMtLLpjqRxAYg=="
    }
  }
}
